
Microsoft Visual Studio Solution File, Format Version 12.00
# Visual Studio Version 17
VisualStudioVersion = 17.8.34525.116
MinimumVisualStudioVersion = 10.0.40219.1
Project("{FAE04EC0-301F-11D3-BF4B-00C04F79EFBC}") = "Laba4", "Laba4\Laba4.csproj", "{CD093162-78C8-4D5B-9FE8-E7DE1CA1360F}"
EndProject
Global
	GlobalSection(SolutionConfigurationPlatforms) = preSolution
		Debug|Any CPU = Debug|Any CPU
		Release|Any CPU = Release|Any CPU
	EndGlobalSection
	GlobalSection(ProjectConfigurationPlatforms) = postSolution
		{CD093162-78C8-4D5B-9FE8-E7DE1CA1360F}.Debug|Any CPU.ActiveCfg = Debug|Any CPU
		{CD093162-78C8-4D5B-9FE8-E7DE1CA1360F}.Debug|Any CPU.Build.0 = Debug|Any CPU
		{CD093162-78C8-4D5B-9FE8-E7DE1CA1360F}.Release|Any CPU.ActiveCfg = Release|Any CPU
		{CD093162-78C8-4D5B-9FE8-E7DE1CA1360F}.Release|Any CPU.Build.0 = Release|Any CPU
	EndGlobalSection
	GlobalSection(SolutionProperties) = preSolution
		HideSolutionNode = FALSE
	EndGlobalSection
	GlobalSection(ExtensibilityGlobals) = postSolution
		SolutionGuid = {E499F64B-0DA6-45A4-91FC-D7F4385540AB}
	EndGlobalSection
EndGlobal
